
Microsoft Visual Studio Solution File, Format Version 12.00
# Visual Studio Version 16
VisualStudioVersion = 16.0.29409.12
MinimumVisualStudioVersion = 10.0.40219.1
Project("{FAE04EC0-301F-11D3-BF4B-00C04F79EFBC}") = "PickACardUI", "PickACardUI\PickACardUI.csproj", "{F8540649-3588-4150-9EC9-D78CB9C144DA}"
EndProject
Global
	GlobalSection(SolutionConfigurationPlatforms) = preSolution
		Debug|Any CPU = Debug|Any CPU
		Release|Any CPU = Release|Any CPU
	EndGlobalSection
	GlobalSection(ProjectConfigurationPlatforms) = postSolution
		{F8540649-3588-4150-9EC9-D78CB9C144DA}.Debug|Any CPU.ActiveCfg = Debug|Any CPU
		{F8540649-3588-4150-9EC9-D78CB9C144DA}.Debug|Any CPU.Build.0 = Debug|Any CPU
		{F8540649-3588-4150-9EC9-D78CB9C144DA}.Release|Any CPU.ActiveCfg = Release|Any CPU
		{F8540649-3588-4150-9EC9-D78CB9C144DA}.Release|Any CPU.Build.0 = Release|Any CPU
	EndGlobalSection
	GlobalSection(SolutionProperties) = preSolution
		HideSolutionNode = FALSE
	EndGlobalSection
	GlobalSection(ExtensibilityGlobals) = postSolution
		SolutionGuid = {B1239D1C-D174-4137-8D5B-E002F2EDB0E6}
	EndGlobalSection
EndGlobal
